
Microsoft Visual Studio Solution File, Format Version 12.00
# Visual Studio Version 16
VisualStudioVersion = 16.0.30907.101
MinimumVisualStudioVersion = 10.0.40219.1
Project("{FAE04EC0-301F-11D3-BF4B-00C04F79EFBC}") = "AmazonAssessment", "AmazonAssessment\AmazonAssessment.csproj", "{AE34FFF4-A38A-44CE-8F4A-01DE47A5FC3F}"
EndProject
Global
	GlobalSection(SolutionConfigurationPlatforms) = preSolution
		Debug|Any CPU = Debug|Any CPU
		Release|Any CPU = Release|Any CPU
	EndGlobalSection
	GlobalSection(ProjectConfigurationPlatforms) = postSolution
		{AE34FFF4-A38A-44CE-8F4A-01DE47A5FC3F}.Debug|Any CPU.ActiveCfg = Debug|Any CPU
		{AE34FFF4-A38A-44CE-8F4A-01DE47A5FC3F}.Debug|Any CPU.Build.0 = Debug|Any CPU
		{AE34FFF4-A38A-44CE-8F4A-01DE47A5FC3F}.Release|Any CPU.ActiveCfg = Release|Any CPU
		{AE34FFF4-A38A-44CE-8F4A-01DE47A5FC3F}.Release|Any CPU.Build.0 = Release|Any CPU
	EndGlobalSection
	GlobalSection(SolutionProperties) = preSolution
		HideSolutionNode = FALSE
	EndGlobalSection
	GlobalSection(ExtensibilityGlobals) = postSolution
		SolutionGuid = {D5CE3201-490E-4225-9898-253AD8F2EC22}
	EndGlobalSection
EndGlobal
